// !$*UTF8*$!
{
	archiveVersion = 1;
	classes = {
	};
	objectVersion = 46;
	objects = {

/* Begin PBXBuildFile section */
		501A8FEF1A6AF3B400E9F2CA /* main.cpp in Sources */ = {isa = PBXBuildFile; fileRef = 501A8FEE1A6AF3B400E9F2CA /* main.cpp */; };
/* End PBXBuildFile section */

/* Begin PBXCopyFilesBuildPhase section */
		5010FA8D1A6AA91F00CC6F1E /* CopyFiles */ = {
			isa = PBXCopyFilesBuildPhase;
			buildActionMask = 2147483647;
			dstPath = /usr/share/man/man1/;
			dstSubfolderSpec = 0;
			files = (
			);
			runOnlyForDeploymentPostprocessing = 1;
		};
/* End PBXCopyFilesBuildPhase section */

/* Begin PBXFileReference section */
		5010FA8F1A6AA91F00CC6F1E /* Injector */ = {isa = PBXFileReference; explicitFileType = "compiled.mach-o.executable"; includeInIndex = 0; path = Injector; sourceTree = BUILT_PRODUCTS_DIR; };
		501A8FED1A6AF3B400E9F2CA /* Injector.h */ = {isa = PBXFileReference; fileEncoding = 4; lastKnownFileType = sourcecode.c.h; path = Injector.h; sourceTree = "<group>"; };
		501A8FEE1A6AF3B400E9F2CA /* main.cpp */ = {isa = PBXFileReference; fileEncoding = 4; lastKnownFileType = sourcecode.cpp.cpp; name = main.cpp; path = ../common/main.cpp; sourceTree = "<group>"; };
/* End PBXFileReference section */

/* Begin PBXFrameworksBuildPhase section */
		5010FA8C1A6AA91F00CC6F1E /* Frameworks */ = {
			isa = PBXFrameworksBuildPhase;
			buildActionMask = 2147483647;
			files = (
			);
			runOnlyForDeploymentPostprocessing = 0;
		};
/* End PBXFrameworksBuildPhase section */

/* Begin PBXGroup section */
		5010FA861A6AA91F00CC6F1E = {
			isa = PBXGroup;
			children = (
				501A8FEB1A6AF3B400E9F2CA /* Injector */,
				501A8FEE1A6AF3B400E9F2CA /* main.cpp */,
				5010FA901A6AA91F00CC6F1E /* Products */,
			);
			sourceTree = "<group>";
		};
		5010FA901A6AA91F00CC6F1E /* Products */ = {
			isa = PBXGroup;
			children = (
				5010FA8F1A6AA91F00CC6F1E /* Injector */,
			);
			name = Products;
			sourceTree = "<group>";
		};
		501A8FEB1A6AF3B400E9F2CA /* Injector */ = {
			isa = PBXGroup;
			children = (
				501A8FEC1A6AF3B400E9F2CA /* goatnative */,
			);
			name = Injector;
			path = ../common/Injector;
			sourceTree = "<group>";
		};
		501A8FEC1A6AF3B400E9F2CA /* goatnative */ = {
			isa = PBXGroup;
			children = (
				501A8FED1A6AF3B400E9F2CA /* Injector.h */,
			);
			path = goatnative;
			sourceTree = "<group>";
		};
/* End PBXGroup section */

/* Begin PBXNativeTarget section */
		5010FA8E1A6AA91F00CC6F1E /* Injector */ = {
			isa = PBXNativeTarget;
			buildConfigurationList = 5010FA961A6AA92000CC6F1E /* Build configuration list for PBXNativeTarget "Injector" */;
			buildPhases = (
				5010FA8B1A6AA91F00CC6F1E /* Sources */,
				5010FA8C1A6AA91F00CC6F1E /* Frameworks */,
				5010FA8D1A6AA91F00CC6F1E /* CopyFiles */,
			);
			buildRules = (
			);
			dependencies = (
			);
			name = Injector;
			productName = Injector;
			productReference = 5010FA8F1A6AA91F00CC6F1E /* Injector */;
			productType = "com.apple.product-type.tool";
		};
/* End PBXNativeTarget section */

/* Begin PBXProject section */
		5010FA871A6AA91F00CC6F1E /* Project object */ = {
			isa = PBXProject;
			attributes = {
				LastUpgradeCheck = 0610;
				ORGANIZATIONNAME = "Max Raskin";
				TargetAttributes = {
					5010FA8E1A6AA91F00CC6F1E = {
						CreatedOnToolsVersion = 6.1;
					};
				};
			};
			buildConfigurationList = 5010FA8A1A6AA91F00CC6F1E /* Build configuration list for PBXProject "Injector" */;
			compatibilityVersion = "Xcode 3.2";
			developmentRegion = English;
			hasScannedForEncodings = 0;
			knownRegions = (
				en,
			);
			mainGroup = 5010FA861A6AA91F00CC6F1E;
			productRefGroup = 5010FA901A6AA91F00CC6F1E /* Products */;
			projectDirPath = "";
			projectRoot = "";
			targets = (
				5010FA8E1A6AA91F00CC6F1E /* Injector */,
			);
		};
/* End PBXProject section */

/* Begin PBXSourcesBuildPhase section */
		5010FA8B1A6AA91F00CC6F1E /* Sources */ = {
			isa = PBXSourcesBuildPhase;
			buildActionMask = 2147483647;
			files = (
				501A8FEF1A6AF3B400E9F2CA /* main.cpp in Sources */,
			);
			runOnlyForDeploymentPostprocessing = 0;
		};
/* End PBXSourcesBuildPhase section */

/* Begin XCBuildConfiguration section */
		5010FA941A6AA92000CC6F1E /* Debug */ = {
			isa = XCBuildConfiguration;
			buildSettings = {
				ALWAYS_SEARCH_USER_PATHS = NO;
				CLANG_CXX_LANGUAGE_STANDARD = "gnu++0x";
				CLANG_CXX_LIBRARY = "libc++";
				CLANG_ENABLE_MODULES = YES;
				CLANG_ENABLE_OBJC_ARC = YES;
				CLANG_WARN_BOOL_CONVERSION = YES;
				CLANG_WARN_CONSTANT_CONVERSION = YES;
				CLANG_WARN_DIRECT_OBJC_ISA_USAGE = YES_ERROR;
				CLANG_WARN_EMPTY_BODY = YES;
				CLANG_WARN_ENUM_CONVERSION = YES;
				CLANG_WARN_INT_CONVERSION = YES;
				CLANG_WARN_OBJC_ROOT_CLASS = YES_ERROR;
				CLANG_WARN_UNREACHABLE_CODE = YES;
				CLANG_WARN__DUPLICATE_METHOD_MATCH = YES;
				COPY_PHASE_STRIP = NO;
				ENABLE_STRICT_OBJC_MSGSEND = YES;
				GCC_C_LANGUAGE_STANDARD = gnu99;
				GCC_DYNAMIC_NO_PIC = NO;
				GCC_OPTIMIZATION_LEVEL = 0;
				GCC_PREPROCESSOR_DEFINITIONS = (
					"DEBUG=1",
					"$(inherited)",
				);
				GCC_SYMBOLS_PRIVATE_EXTERN = NO;
				GCC_WARN_64_TO_32_BIT_CONVERSION = YES;
				GCC_WARN_ABOUT_RETURN_TYPE = YES_ERROR;
				GCC_WARN_UNDECLARED_SELECTOR = YES;
				GCC_WARN_UNINITIALIZED_AUTOS = YES_AGGRESSIVE;
				GCC_WARN_UNUSED_FUNCTION = YES;
				GCC_WARN_UNUSED_VARIABLE = YES;
				MACOSX_DEPLOYMENT_TARGET = 10.10;
				MTL_ENABLE_DEBUG_INFO = YES;
				ONLY_ACTIVE_ARCH = YES;
				SDKROOT = macosx;
			};
			name = Debug;
		};
		5010FA951A6AA92000CC6F1E /* Release */ = {
			isa = XCBuildConfiguration;
			buildSettings = {
				ALWAYS_SEARCH_USER_PATHS = NO;
				CLANG_CXX_LANGUAGE_STANDARD = "gnu++0x";
				CLANG_CXX_LIBRARY = "libc++";
				CLANG_ENABLE_MODULES = YES;
				CLANG_ENABLE_OBJC_ARC = YES;
				CLANG_WARN_BOOL_CONVERSION = YES;
				CLANG_WARN_CONSTANT_CONVERSION = YES;
				CLANG_WARN_DIRECT_OBJC_ISA_USAGE = YES_ERROR;
				CLANG_WARN_EMPTY_BODY = YES;
				CLANG_WARN_ENUM_CONVERSION = YES;
				CLANG_WARN_INT_CONVERSION = YES;
				CLANG_WARN_OBJC_ROOT_CLASS = YES_ERROR;
				CLANG_WARN_UNREACHABLE_CODE = YES;
				CLANG_WARN__DUPLICATE_METHOD_MATCH = YES;
				COPY_PHASE_STRIP = YES;
				DEBUG_INFORMATION_FORMAT = "dwarf-with-dsym";
				ENABLE_NS_ASSERTIONS = NO;
				ENABLE_STRICT_OBJC_MSGSEND = YES;
				GCC_C_LANGUAGE_STANDARD = gnu99;
				GCC_WARN_64_TO_32_BIT_CONVERSION = YES;
				GCC_WARN_ABOUT_RETURN_TYPE = YES_ERROR;
				GCC_WARN_UNDECLARED_SELECTOR = YES;
				GCC_WARN_UNINITIALIZED_AUTOS = YES_AGGRESSIVE;
				GCC_WARN_UNUSED_FUNCTION = YES;
				GCC_WARN_UNUSED_VARIABLE = YES;
				MACOSX_DEPLOYMENT_TARGET = 10.10;
				MTL_ENABLE_DEBUG_INFO = NO;
				SDKROOT = macosx;
			};
			name = Release;
		};
		5010FA971A6AA92000CC6F1E /* Debug */ = {
			isa = XCBuildConfiguration;
			buildSettings = {
				PRODUCT_NAME = "$(TARGET_NAME)";
			};
			name = Debug;
		};
		5010FA981A6AA92000CC6F1E /* Release */ = {
			isa = XCBuildConfiguration;
			buildSettings = {
				PRODUCT_NAME = "$(TARGET_NAME)";
			};
			name = Release;
		};
/* End XCBuildConfiguration section */

/* Begin XCConfigurationList section */
		5010FA8A1A6AA91F00CC6F1E /* Build configuration list for PBXProject "Injector" */ = {
			isa = XCConfigurationList;
			buildConfigurations = (
				5010FA941A6AA92000CC6F1E /* Debug */,
				5010FA951A6AA92000CC6F1E /* Release */,
			);
			defaultConfigurationIsVisible = 0;
			defaultConfigurationName = Release;
		};
		5010FA961A6AA92000CC6F1E /* Build configuration list for PBXNativeTarget "Injector" */ = {
			isa = XCConfigurationList;
			buildConfigurations = (
				5010FA971A6AA92000CC6F1E /* Debug */,
				5010FA981A6AA92000CC6F1E /* Release */,
			);
			defaultConfigurationIsVisible = 0;
			defaultConfigurationName = Release;
		};
/* End XCConfigurationList section */
	};
	rootObject = 5010FA871A6AA91F00CC6F1E /* Project object */;
}
